{
  "version": "5",
  "specifiers": {
    "jsr:@std/yaml@1.3.0": "1.3.0",
    "npm:ws@8.22.0": "8.22.0"
  },
  "jsr": {
    "@std/yaml@1.3.0": {
      "integrity": "b250103854378b8b36cbff0fe95aec017d3d9ce86b489c67605180c602fb4922"
    }
  },
  "npm": {
    "ws@8.22.0": {
      "integrity": "sha512-Ydggc987+RO0AnWtZ/7Wq9FtNvcrL1b/RO0ud9mWjUPgDrsAAwQSF51sm2hm1XofbU/4jkpGEsLFsZZxU+1DOg=="
    }
  },
  "workspace": {
    "dependencies": [
      "jsr:@std/yaml@1.3.0",
      "npm:ws@8.22.0"
    ]
  }
}
